
Microsoft Visual Studio Solution File, Format Version 12.00
# Visual Studio Version 17
VisualStudioVersion = 17.13.35806.99 d17.13
MinimumVisualStudioVersion = 10.0.40219.1
Project("{FAE04EC0-301F-11D3-BF4B-00C04F79EFBC}") = "Attempt S", "Attempt S\Attempt S.csproj", "{FCD7E588-8A31-4DAF-ABBD-AFA8606FF695}"
EndProject
Global
	GlobalSection(SolutionConfigurationPlatforms) = preSolution
		Debug|Any CPU = Debug|Any CPU
		Release|Any CPU = Release|Any CPU
	EndGlobalSection
	GlobalSection(ProjectConfigurationPlatforms) = postSolution
		{FCD7E588-8A31-4DAF-ABBD-AFA8606FF695}.Debug|Any CPU.ActiveCfg = Debug|Any CPU
		{FCD7E588-8A31-4DAF-ABBD-AFA8606FF695}.Debug|Any CPU.Build.0 = Debug|Any CPU
		{FCD7E588-8A31-4DAF-ABBD-AFA8606FF695}.Release|Any CPU.ActiveCfg = Release|Any CPU
		{FCD7E588-8A31-4DAF-ABBD-AFA8606FF695}.Release|Any CPU.Build.0 = Release|Any CPU
	EndGlobalSection
	GlobalSection(SolutionProperties) = preSolution
		HideSolutionNode = FALSE
	EndGlobalSection
	GlobalSection(ExtensibilityGlobals) = postSolution
		SolutionGuid = {39A9898A-FF30-4CC7-864C-5E5167B41CF3}
	EndGlobalSection
EndGlobal
